
Microsoft Visual Studio Solution File, Format Version 12.00
# Visual Studio Version 17
VisualStudioVersion = 17.9.34616.47
MinimumVisualStudioVersion = 10.0.40219.1
Project("{8BC9CEB8-8B4A-11D0-8D11-00A0C91BC942}") = "first class", "first class\first class.vcxproj", "{3DDCB1EB-DECC-4AB6-89AA-6B54FE5E439D}"
EndProject
Global
	GlobalSection(SolutionConfigurationPlatforms) = preSolution
		Debug|x64 = Debug|x64
		Debug|x86 = Debug|x86
		Release|x64 = Release|x64
		Release|x86 = Release|x86
	EndGlobalSection
	GlobalSection(ProjectConfigurationPlatforms) = postSolution
		{3DDCB1EB-DECC-4AB6-89AA-6B54FE5E439D}.Debug|x64.ActiveCfg = Debug|x64
		{3DDCB1EB-DECC-4AB6-89AA-6B54FE5E439D}.Debug|x64.Build.0 = Debug|x64
		{3DDCB1EB-DECC-4AB6-89AA-6B54FE5E439D}.Debug|x86.ActiveCfg = Debug|Win32
		{3DDCB1EB-DECC-4AB6-89AA-6B54FE5E439D}.Debug|x86.Build.0 = Debug|Win32
		{3DDCB1EB-DECC-4AB6-89AA-6B54FE5E439D}.Release|x64.ActiveCfg = Release|x64
		{3DDCB1EB-DECC-4AB6-89AA-6B54FE5E439D}.Release|x64.Build.0 = Release|x64
		{3DDCB1EB-DECC-4AB6-89AA-6B54FE5E439D}.Release|x86.ActiveCfg = Release|Win32
		{3DDCB1EB-DECC-4AB6-89AA-6B54FE5E439D}.Release|x86.Build.0 = Release|Win32
	EndGlobalSection
	GlobalSection(SolutionProperties) = preSolution
		HideSolutionNode = FALSE
	EndGlobalSection
	GlobalSection(ExtensibilityGlobals) = postSolution
		SolutionGuid = {38BEBD0D-F8CB-4641-91D8-3CF8DC824171}
	EndGlobalSection
EndGlobal
